
Microsoft Visual Studio Solution File, Format Version 12.00
# Visual Studio Version 17
VisualStudioVersion = 17.12.35527.113
MinimumVisualStudioVersion = 10.0.40219.1
Project("{9A19103F-16F7-4668-BE54-9A1E7A4F7556}") = "LagoVista.AI.Models", "src\LagoVista.AI.Models\LagoVista.AI.Models.csproj", "{DBCD2830-19A4-48C2-A904-53BA41FF51CA}"
EndProject
Project("{9A19103F-16F7-4668-BE54-9A1E7A4F7556}") = "LagoVista.AI", "src\LagoVista.AI\LagoVista.AI.csproj", "{4B1FDFF2-3D5A-447A-9CEC-418CAE70A9BD}"
EndProject
Project("{9A19103F-16F7-4668-BE54-9A1E7A4F7556}") = "LagoVista.AI.Rest", "src\LagoVista.AI.Rest\LagoVista.AI.Rest.csproj", "{959E9FD1-D6A7-4173-B106-F2BC9930846E}"
EndProject
Project("{2150E333-8FDC-42A3-9474-1A3956D46DE8}") = "src", "src", "{374F4C7F-619C-4B41-AAAC-0F9B3B259F07}"
EndProject
Project("{2150E333-8FDC-42A3-9474-1A3956D46DE8}") = "tests", "tests", "{0C3AF45F-896E-44A6-9A2A-E62A8609B5D4}"
EndProject
Project("{9A19103F-16F7-4668-BE54-9A1E7A4F7556}") = "LagoVista.AI.Tests", "tests\LagoVista.AI.Tests\LagoVista.AI.Tests.csproj", "{92E31462-FE30-4B55-9AF7-3CB12483B5FC}"
EndProject
Project("{9A19103F-16F7-4668-BE54-9A1E7A4F7556}") = "LagoVista.AI.CloudRepos", "src\LagoVista.AI.CloudRepos\LagoVista.AI.CloudRepos.csproj", "{37E4D64F-3441-4448-B134-B91DC811BE23}"
EndProject
Project("{2150E333-8FDC-42A3-9474-1A3956D46DE8}") = "Apps", "Apps", "{A7E7FEBA-8F2E-410F-BC32-C1CA2D0D4888}"
	ProjectSection(SolutionItems) = preProject
		README.md = README.md
	EndProjectSection
EndProject
Project("{FAE04EC0-301F-11D3-BF4B-00C04F79EFBC}") = "LagoVista.AI.AgentClient", "src\LagoVista.AI.AgentClient\LagoVista.AI.AgentClient.csproj", "{01658AFF-D51B-467B-8BBE-CEF875036828}"
EndProject
Project("{2150E333-8FDC-42A3-9474-1A3956D46DE8}") = "Docs", "Docs", "{C6DBC9BA-6F80-4140-90A3-5FAF8D3F5EE4}"
	ProjectSection(SolutionItems) = preProject
		code-generation-rules.json = code-generation-rules.json
		Docs\DDR_CHUNKER_SERVICE_PATTERN.md = Docs\DDR_CHUNKER_SERVICE_PATTERN.md
		filehandling.md = filehandling.md
		Docs\IDX-StructurdSummary-001.md = Docs\IDX-StructurdSummary-001.md
		Docs\IDX-StructuredSummary-002-DDR.jsonl = Docs\IDX-StructuredSummary-002-DDR.jsonl
		Docs\IDX-StructuredSummary-002-DDR.md = Docs\IDX-StructuredSummary-002-DDR.md
		IDX-StructuredSummary-Design-Descisions.jsonl = IDX-StructuredSummary-Design-Descisions.jsonl
		RAG Index Spec LLM.spec.json = RAG Index Spec LLM.spec.json
		RAG Index Spec.md = RAG Index Spec.md
		vector.qdrant.cs.txt = vector.qdrant.cs.txt
		vector.qdrant.llm.json = vector.qdrant.llm.json
		vector.qdrant.md = vector.qdrant.md
		vector.qdrant.schema.json = vector.qdrant.schema.json
	EndProjectSection
EndProject
Project("{FAE04EC0-301F-11D3-BF4B-00C04F79EFBC}") = "LagoVista.AI.Rag.Chunkers.Tests", "tests\LagoVista.AI.Rag.Chunkers.Tests\LagoVista.AI.Rag.Chunkers.Tests.csproj", "{F0AE441F-A281-4F07-8FE1-94DC03152111}"
EndProject
Project("{FAE04EC0-301F-11D3-BF4B-00C04F79EFBC}") = "LagoVista.AI.Rag.Tests", "tests\LagoVista.AI.Rag.Tests\LagoVista.AI.Rag.Tests.csproj", "{2A33E0B2-92EC-4B46-8579-89F92DABAA82}"
EndProject
Project("{FAE04EC0-301F-11D3-BF4B-00C04F79EFBC}") = "LagoVista.AI.RagConsole", "Apps\LagoVista.AI.RagConsole\LagoVista.AI.RagConsole.csproj", "{690AF3A3-A9B7-4D94-A8D6-D873CAFD7970}"
EndProject
Project("{FAE04EC0-301F-11D3-BF4B-00C04F79EFBC}") = "LagoVista.AI.Aptix.Cli", "Apps\LagoVista.AI.Aptix.Cli\LagoVista.AI.Aptix.Cli.csproj", "{C5F8E262-D969-4549-A357-EA0AA9F37183}"
EndProject
Global
	GlobalSection(SolutionConfigurationPlatforms) = preSolution
		Debug|Any CPU = Debug|Any CPU
		Release|Any CPU = Release|Any CPU
	EndGlobalSection
	GlobalSection(ProjectConfigurationPlatforms) = postSolution
		{DBCD2830-19A4-48C2-A904-53BA41FF51CA}.Debug|Any CPU.ActiveCfg = Debug|Any CPU
		{DBCD2830-19A4-48C2-A904-53BA41FF51CA}.Debug|Any CPU.Build.0 = Debug|Any CPU
		{DBCD2830-19A4-48C2-A904-53BA41FF51CA}.Release|Any CPU.ActiveCfg = Release|Any CPU
		{DBCD2830-19A4-48C2-A904-53BA41FF51CA}.Release|Any CPU.Build.0 = Release|Any CPU
		{4B1FDFF2-3D5A-447A-9CEC-418CAE70A9BD}.Debug|Any CPU.ActiveCfg = Debug|Any CPU
		{4B1FDFF2-3D5A-447A-9CEC-418CAE70A9BD}.Debug|Any CPU.Build.0 = Debug|Any CPU
		{4B1FDFF2-3D5A-447A-9CEC-418CAE70A9BD}.Release|Any CPU.ActiveCfg = Release|Any CPU
		{4B1FDFF2-3D5A-447A-9CEC-418CAE70A9BD}.Release|Any CPU.Build.0 = Release|Any CPU
		{959E9FD1-D6A7-4173-B106-F2BC9930846E}.Debug|Any CPU.ActiveCfg = Debug|Any CPU
		{959E9FD1-D6A7-4173-B106-F2BC9930846E}.Debug|Any CPU.Build.0 = Debug|Any CPU
		{959E9FD1-D6A7-4173-B106-F2BC9930846E}.Release|Any CPU.ActiveCfg = Release|Any CPU
		{959E9FD1-D6A7-4173-B106-F2BC9930846E}.Release|Any CPU.Build.0 = Release|Any CPU
		{92E31462-FE30-4B55-9AF7-3CB12483B5FC}.Debug|Any CPU.ActiveCfg = Debug|Any CPU
		{92E31462-FE30-4B55-9AF7-3CB12483B5FC}.Debug|Any CPU.Build.0 = Debug|Any CPU
		{92E31462-FE30-4B55-9AF7-3CB12483B5FC}.Release|Any CPU.ActiveCfg = Release|Any CPU
		{92E31462-FE30-4B55-9AF7-3CB12483B5FC}.Release|Any CPU.Build.0 = Release|Any CPU
		{37E4D64F-3441-4448-B134-B91DC811BE23}.Debug|Any CPU.ActiveCfg = Debug|Any CPU
		{37E4D64F-3441-4448-B134-B91DC811BE23}.Debug|Any CPU.Build.0 = Debug|Any CPU
		{37E4D64F-3441-4448-B134-B91DC811BE23}.Release|Any CPU.ActiveCfg = Release|Any CPU
		{37E4D64F-3441-4448-B134-B91DC811BE23}.Release|Any CPU.Build.0 = Release|Any CPU
		{01658AFF-D51B-467B-8BBE-CEF875036828}.Debug|Any CPU.ActiveCfg = Debug|Any CPU
		{01658AFF-D51B-467B-8BBE-CEF875036828}.Debug|Any CPU.Build.0 = Debug|Any CPU
		{01658AFF-D51B-467B-8BBE-CEF875036828}.Release|Any CPU.ActiveCfg = Release|Any CPU
		{01658AFF-D51B-467B-8BBE-CEF875036828}.Release|Any CPU.Build.0 = Release|Any CPU
		{F0AE441F-A281-4F07-8FE1-94DC03152111}.Debug|Any CPU.ActiveCfg = Debug|Any CPU
		{F0AE441F-A281-4F07-8FE1-94DC03152111}.Debug|Any CPU.Build.0 = Debug|Any CPU
		{F0AE441F-A281-4F07-8FE1-94DC03152111}.Release|Any CPU.ActiveCfg = Release|Any CPU
		{F0AE441F-A281-4F07-8FE1-94DC03152111}.Release|Any CPU.Build.0 = Release|Any CPU
		{2A33E0B2-92EC-4B46-8579-89F92DABAA82}.Debug|Any CPU.ActiveCfg = Debug|Any CPU
		{2A33E0B2-92EC-4B46-8579-89F92DABAA82}.Debug|Any CPU.Build.0 = Debug|Any CPU
		{2A33E0B2-92EC-4B46-8579-89F92DABAA82}.Release|Any CPU.ActiveCfg = Release|Any CPU
		{2A33E0B2-92EC-4B46-8579-89F92DABAA82}.Release|Any CPU.Build.0 = Release|Any CPU
		{690AF3A3-A9B7-4D94-A8D6-D873CAFD7970}.Debug|Any CPU.ActiveCfg = Debug|Any CPU
		{690AF3A3-A9B7-4D94-A8D6-D873CAFD7970}.Debug|Any CPU.Build.0 = Debug|Any CPU
		{690AF3A3-A9B7-4D94-A8D6-D873CAFD7970}.Release|Any CPU.ActiveCfg = Release|Any CPU
		{690AF3A3-A9B7-4D94-A8D6-D873CAFD7970}.Release|Any CPU.Build.0 = Release|Any CPU
		{C5F8E262-D969-4549-A357-EA0AA9F37183}.Debug|Any CPU.ActiveCfg = Debug|Any CPU
		{C5F8E262-D969-4549-A357-EA0AA9F37183}.Debug|Any CPU.Build.0 = Debug|Any CPU
		{C5F8E262-D969-4549-A357-EA0AA9F37183}.Release|Any CPU.ActiveCfg = Release|Any CPU
		{C5F8E262-D969-4549-A357-EA0AA9F37183}.Release|Any CPU.Build.0 = Release|Any CPU
	EndGlobalSection
	GlobalSection(SolutionProperties) = preSolution
		HideSolutionNode = FALSE
	EndGlobalSection
	GlobalSection(NestedProjects) = preSolution
		{DBCD2830-19A4-48C2-A904-53BA41FF51CA} = {374F4C7F-619C-4B41-AAAC-0F9B3B259F07}
		{4B1FDFF2-3D5A-447A-9CEC-418CAE70A9BD} = {374F4C7F-619C-4B41-AAAC-0F9B3B259F07}
		{959E9FD1-D6A7-4173-B106-F2BC9930846E} = {374F4C7F-619C-4B41-AAAC-0F9B3B259F07}
		{92E31462-FE30-4B55-9AF7-3CB12483B5FC} = {0C3AF45F-896E-44A6-9A2A-E62A8609B5D4}
		{37E4D64F-3441-4448-B134-B91DC811BE23} = {374F4C7F-619C-4B41-AAAC-0F9B3B259F07}
		{01658AFF-D51B-467B-8BBE-CEF875036828} = {374F4C7F-619C-4B41-AAAC-0F9B3B259F07}
		{F0AE441F-A281-4F07-8FE1-94DC03152111} = {0C3AF45F-896E-44A6-9A2A-E62A8609B5D4}
		{2A33E0B2-92EC-4B46-8579-89F92DABAA82} = {0C3AF45F-896E-44A6-9A2A-E62A8609B5D4}
		{690AF3A3-A9B7-4D94-A8D6-D873CAFD7970} = {A7E7FEBA-8F2E-410F-BC32-C1CA2D0D4888}
		{C5F8E262-D969-4549-A357-EA0AA9F37183} = {A7E7FEBA-8F2E-410F-BC32-C1CA2D0D4888}
	EndGlobalSection
	GlobalSection(ExtensibilityGlobals) = postSolution
		SolutionGuid = {29D4F79F-3C1A-46CA-BA14-25CEA87D4B71}
	EndGlobalSection
EndGlobal
